# This file is automatically @generated by Cargo.
# It is not intended for manual editing.
version = 4

[[package]]
name = "as_repr"
version = "1.0.1"
source = "registry+https://github.com/rust-lang/crates.io-index"
checksum = "94030bbfc93f4c09a4861a46a94856b4e596eca7a747031de04c34fd37356f48"

[[package]]
name = "dime"
version = "0.2.0"
dependencies = [
 "ranch",
]

[[package]]
name = "ranch"
version = "0.2.1"
source = "registry+https://github.com/rust-lang/crates.io-index"
checksum = "e279239cc4459ce9e60d1f77acbb7211d38972f7eea7eee5afd742468292ba21"
dependencies = [
 "as_repr",
]
